PODS:
  - ACEDrawingView (1.3.2)
  - Bolts (1.1.4)
  - Facebook-iOS-SDK (3.23.0):
    - Bolts (~> 1.0)
  - Parse (1.6.3):
    - Bolts (~> 1.1)

DEPENDENCIES:
  - ACEDrawingView
  - Facebook-iOS-SDK
  - Parse

SPEC CHECKSUMS:
  ACEDrawingView: 70e79a58cbd3a07c8e3ea9166fc3cafe16cf9a97
  Bolts: dd9fb8433d67f5acc3b6b4d1379bbc5513d716c1
  Facebook-iOS-SDK: 3d65f685348b789e46a9aacf92bfa85b60b63755
  Parse: f725f76ef200c5127420690fc6882e57c3813923

COCOAPODS: 0.36.0.rc.1
