// !$*UTF8*$!
{
	archiveVersion = 1;
	classes = {
	};
	objectVersion = 46;
	objects = {

/* Begin PBXBuildFile section */
		DB5B55F419020F0C00D34DB9 /* Foundation.framework in Frameworks */ = {isa = PBXBuildFile; fileRef = DB5B55F319020F0C00D34DB9 /* Foundation.framework */; };
		DB5B55F619020F0C00D34DB9 /* CoreGraphics.framework in Frameworks */ = {isa = PBXBuildFile; fileRef = DB5B55F519020F0C00D34DB9 /* CoreGraphics.framework */; };
		DB5B55F819020F0C00D34DB9 /* UIKit.framework in Frameworks */ = {isa = PBXBuildFile; fileRef = DB5B55F719020F0C00D34DB9 /* UIKit.framework */; };
		DB5B55FE19020F0C00D34DB9 /* InfoPlist.strings in Resources */ = {isa = PBXBuildFile; fileRef = DB5B55FC19020F0C00D34DB9 /* InfoPlist.strings */; };
		DB5B560019020F0C00D34DB9 /* main.m in Sources */ = {isa = PBXBuildFile; fileRef = DB5B55FF19020F0C00D34DB9 /* main.m */; };
		DB5B560419020F0C00D34DB9 /* RZAppDelegate.m in Sources */ = {isa = PBXBuildFile; fileRef = DB5B560319020F0C00D34DB9 /* RZAppDelegate.m */; };
		DB5B560619020F0C00D34DB9 /* Images.xcassets in Resources */ = {isa = PBXBuildFile; fileRef = DB5B560519020F0C00D34DB9 /* Images.xcassets */; };
		DB5B560D19020F0C00D34DB9 /* XCTest.framework in Frameworks */ = {isa = PBXBuildFile; fileRef = DB5B560C19020F0C00D34DB9 /* XCTest.framework */; };
		DB5B560E19020F0C00D34DB9 /* Foundation.framework in Frameworks */ = {isa = PBXBuildFile; fileRef = DB5B55F319020F0C00D34DB9 /* Foundation.framework */; };
		DB5B560F19020F0C00D34DB9 /* UIKit.framework in Frameworks */ = {isa = PBXBuildFile; fileRef = DB5B55F719020F0C00D34DB9 /* UIKit.framework */; };
		DB5B561719020F0C00D34DB9 /* InfoPlist.strings in Resources */ = {isa = PBXBuildFile; fileRef = DB5B561519020F0C00D34DB9 /* InfoPlist.strings */; };
		DB5B561919020F0C00D34DB9 /* SnapChatRouletteTests.m in Sources */ = {isa = PBXBuildFile; fileRef = DB5B561819020F0C00D34DB9 /* SnapChatRouletteTests.m */; };
/* End PBXBuildFile section */

/* Begin PBXContainerItemProxy section */
		DB5B561019020F0C00D34DB9 /* PBXContainerItemProxy */ = {
			isa = PBXContainerItemProxy;
			containerPortal = DB5B55E819020F0C00D34DB9 /* Project object */;
			proxyType = 1;
			remoteGlobalIDString = DB5B55EF19020F0C00D34DB9;
			remoteInfo = SnapChatRoulette;
		};
/* End PBXContainerItemProxy section */

/* Begin PBXFileReference section */
		DB5B55F019020F0C00D34DB9 /* SnapChatRoulette.app */ = {isa = PBXFileReference; explicitFileType = wrapper.application; includeInIndex = 0; path = SnapChatRoulette.app; sourceTree = BUILT_PRODUCTS_DIR; };
		DB5B55F319020F0C00D34DB9 /* Foundation.framework */ = {isa = PBXFileReference; lastKnownFileType = wrapper.framework; name = Foundation.framework; path = System/Library/Frameworks/Foundation.framework; sourceTree = SDKROOT; };
		DB5B55F519020F0C00D34DB9 /* CoreGraphics.framework */ = {isa = PBXFileReference; lastKnownFileType = wrapper.framework; name = CoreGraphics.framework; path = System/Library/Frameworks/CoreGraphics.framework; sourceTree = SDKROOT; };
		DB5B55F719020F0C00D34DB9 /* UIKit.framework */ = {isa = PBXFileReference; lastKnownFileType = wrapper.framework; name = UIKit.framework; path = System/Library/Frameworks/UIKit.framework; sourceTree = SDKROOT; };
		DB5B55FB19020F0C00D34DB9 /* SnapChatRoulette-Info.plist */ = {isa = PBXFileReference; lastKnownFileType = text.plist.xml; path = "SnapChatRoulette-Info.plist"; sourceTree = "<group>"; };
		DB5B55FD19020F0C00D34DB9 /* en */ = {isa = PBXFileReference; lastKnownFileType = text.plist.strings; name = en; path = en.lproj/InfoPlist.strings; sourceTree = "<group>"; };
		DB5B55FF19020F0C00D34DB9 /* main.m */ = {isa = PBXFileReference; lastKnownFileType = sourcecode.c.objc; path = main.m; sourceTree = "<group>"; };
		DB5B560119020F0C00D34DB9 /* SnapChatRoulette-Prefix.pch */ = {isa = PBXFileReference; lastKnownFileType = sourcecode.c.h; path = "SnapChatRoulette-Prefix.pch"; sourceTree = "<group>"; };
		DB5B560219020F0C00D34DB9 /* RZAppDelegate.h */ = {isa = PBXFileReference; lastKnownFileType = sourcecode.c.h; path = RZAppDelegate.h; sourceTree = "<group>"; };
		DB5B560319020F0C00D34DB9 /* RZAppDelegate.m */ = {isa = PBXFileReference; lastKnownFileType = sourcecode.c.objc; path = RZAppDelegate.m; sourceTree = "<group>"; };
		DB5B560519020F0C00D34DB9 /* Images.xcassets */ = {isa = PBXFileReference; lastKnownFileType = folder.assetcatalog; path = Images.xcassets; sourceTree = "<group>"; };
		DB5B560B19020F0C00D34DB9 /* SnapChatRouletteTests.xctest */ = {isa = PBXFileReference; explicitFileType = wrapper.cfbundle; includeInIndex = 0; path = SnapChatRouletteTests.xctest; sourceTree = BUILT_PRODUCTS_DIR; };
		DB5B560C19020F0C00D34DB9 /* XCTest.framework */ = {isa = PBXFileReference; lastKnownFileType = wrapper.framework; name = XCTest.framework; path = Library/Frameworks/XCTest.framework; sourceTree = DEVELOPER_DIR; };
		DB5B561419020F0C00D34DB9 /* SnapChatRouletteTests-Info.plist */ = {isa = PBXFileReference; lastKnownFileType = text.plist.xml; path = "SnapChatRouletteTests-Info.plist"; sourceTree = "<group>"; };
		DB5B561619020F0C00D34DB9 /* en */ = {isa = PBXFileReference; lastKnownFileType = text.plist.strings; name = en; path = en.lproj/InfoPlist.strings; sourceTree = "<group>"; };
		DB5B561819020F0C00D34DB9 /* SnapChatRouletteTests.m */ = {isa = PBXFileReference; lastKnownFileType = sourcecode.c.objc; path = SnapChatRouletteTests.m; sourceTree = "<group>"; };
/* End PBXFileReference section */

/* Begin PBXFrameworksBuildPhase section */
		DB5B55ED19020F0C00D34DB9 /* Frameworks */ = {
			isa = PBXFrameworksBuildPhase;
			buildActionMask = 2147483647;
			files = (
				DB5B55F619020F0C00D34DB9 /* CoreGraphics.framework in Frameworks */,
				DB5B55F819020F0C00D34DB9 /* UIKit.framework in Frameworks */,
				DB5B55F419020F0C00D34DB9 /* Foundation.framework in Frameworks */,
			);
			runOnlyForDeploymentPostprocessing = 0;
		};
		DB5B560819020F0C00D34DB9 /* Frameworks */ = {
			isa = PBXFrameworksBuildPhase;
			buildActionMask = 2147483647;
			files = (
				DB5B560D19020F0C00D34DB9 /* XCTest.framework in Frameworks */,
				DB5B560F19020F0C00D34DB9 /* UIKit.framework in Frameworks */,
				DB5B560E19020F0C00D34DB9 /* Foundation.framework in Frameworks */,
			);
			runOnlyForDeploymentPostprocessing = 0;
		};
/* End PBXFrameworksBuildPhase section */

/* Begin PBXGroup section */
		DB5B55E719020F0C00D34DB9 = {
			isa = PBXGroup;
			children = (
				DB5B55F919020F0C00D34DB9 /* SnapChatRoulette */,
				DB5B561219020F0C00D34DB9 /* SnapChatRouletteTests */,
				DB5B55F219020F0C00D34DB9 /* Frameworks */,
				DB5B55F119020F0C00D34DB9 /* Products */,
			);
			sourceTree = "<group>";
		};
		DB5B55F119020F0C00D34DB9 /* Products */ = {
			isa = PBXGroup;
			children = (
				DB5B55F019020F0C00D34DB9 /* SnapChatRoulette.app */,
				DB5B560B19020F0C00D34DB9 /* SnapChatRouletteTests.xctest */,
			);
			name = Products;
			sourceTree = "<group>";
		};
		DB5B55F219020F0C00D34DB9 /* Frameworks */ = {
			isa = PBXGroup;
			children = (
				DB5B55F319020F0C00D34DB9 /* Foundation.framework */,
				DB5B55F519020F0C00D34DB9 /* CoreGraphics.framework */,
				DB5B55F719020F0C00D34DB9 /* UIKit.framework */,
				DB5B560C19020F0C00D34DB9 /* XCTest.framework */,
			);
			name = Frameworks;
			sourceTree = "<group>";
		};
		DB5B55F919020F0C00D34DB9 /* SnapChatRoulette */ = {
			isa = PBXGroup;
			children = (
				DB5B560219020F0C00D34DB9 /* RZAppDelegate.h */,
				DB5B560319020F0C00D34DB9 /* RZAppDelegate.m */,
				DB5B560519020F0C00D34DB9 /* Images.xcassets */,
				DB5B55FA19020F0C00D34DB9 /* Supporting Files */,
			);
			path = SnapChatRoulette;
			sourceTree = "<group>";
		};
		DB5B55FA19020F0C00D34DB9 /* Supporting Files */ = {
			isa = PBXGroup;
			children = (
				DB5B55FB19020F0C00D34DB9 /* SnapChatRoulette-Info.plist */,
				DB5B55FC19020F0C00D34DB9 /* InfoPlist.strings */,
				DB5B55FF19020F0C00D34DB9 /* main.m */,
				DB5B560119020F0C00D34DB9 /* SnapChatRoulette-Prefix.pch */,
			);
			name = "Supporting Files";
			sourceTree = "<group>";
		};
		DB5B561219020F0C00D34DB9 /* SnapChatRouletteTests */ = {
			isa = PBXGroup;
			children = (
				DB5B561819020F0C00D34DB9 /* SnapChatRouletteTests.m */,
				DB5B561319020F0C00D34DB9 /* Supporting Files */,
			);
			path = SnapChatRouletteTests;
			sourceTree = "<group>";
		};
		DB5B561319020F0C00D34DB9 /* Supporting Files */ = {
			isa = PBXGroup;
			children = (
				DB5B561419020F0C00D34DB9 /* SnapChatRouletteTests-Info.plist */,
				DB5B561519020F0C00D34DB9 /* InfoPlist.strings */,
			);
			name = "Supporting Files";
			sourceTree = "<group>";
		};
/* End PBXGroup section */

/* Begin PBXNativeTarget section */
		DB5B55EF19020F0C00D34DB9 /* SnapChatRoulette */ = {
			isa = PBXNativeTarget;
			buildConfigurationList = DB5B561C19020F0C00D34DB9 /* Build configuration list for PBXNativeTarget "SnapChatRoulette" */;
			buildPhases = (
				DB5B55EC19020F0C00D34DB9 /* Sources */,
				DB5B55ED19020F0C00D34DB9 /* Frameworks */,
				DB5B55EE19020F0C00D34DB9 /* Resources */,
			);
			buildRules = (
			);
			dependencies = (
			);
			name = SnapChatRoulette;
			productName = SnapChatRoulette;
			productReference = DB5B55F019020F0C00D34DB9 /* SnapChatRoulette.app */;
			productType = "com.apple.product-type.application";
		};
		DB5B560A19020F0C00D34DB9 /* SnapChatRouletteTests */ = {
			isa = PBXNativeTarget;
			buildConfigurationList = DB5B561F19020F0C00D34DB9 /* Build configuration list for PBXNativeTarget "SnapChatRouletteTests" */;
			buildPhases = (
				DB5B560719020F0C00D34DB9 /* Sources */,
				DB5B560819020F0C00D34DB9 /* Frameworks */,
				DB5B560919020F0C00D34DB9 /* Resources */,
			);
			buildRules = (
			);
			dependencies = (
				DB5B561119020F0C00D34DB9 /* PBXTargetDependency */,
			);
			name = SnapChatRouletteTests;
			productName = SnapChatRouletteTests;
			productReference = DB5B560B19020F0C00D34DB9 /* SnapChatRouletteTests.xctest */;
			productType = "com.apple.product-type.bundle.unit-test";
		};
/* End PBXNativeTarget section */

/* Begin PBXProject section */
		DB5B55E819020F0C00D34DB9 /* Project object */ = {
			isa = PBXProject;
			attributes = {
				CLASSPREFIX = RZ;
				LastUpgradeCheck = 0510;
				ORGANIZATIONNAME = "Roger Zurawicki";
				TargetAttributes = {
					DB5B560A19020F0C00D34DB9 = {
						TestTargetID = DB5B55EF19020F0C00D34DB9;
					};
				};
			};
			buildConfigurationList = DB5B55EB19020F0C00D34DB9 /* Build configuration list for PBXProject "SnapChatRoulette" */;
			compatibilityVersion = "Xcode 3.2";
			developmentRegion = English;
			hasScannedForEncodings = 0;
			knownRegions = (
				en,
			);
			mainGroup = DB5B55E719020F0C00D34DB9;
			productRefGroup = DB5B55F119020F0C00D34DB9 /* Products */;
			projectDirPath = "";
			projectRoot = "";
			targets = (
				DB5B55EF19020F0C00D34DB9 /* SnapChatRoulette */,
				DB5B560A19020F0C00D34DB9 /* SnapChatRouletteTests */,
			);
		};
/* End PBXProject section */

/* Begin PBXResourcesBuildPhase section */
		DB5B55EE19020F0C00D34DB9 /* Resources */ = {
			isa = PBXResourcesBuildPhase;
			buildActionMask = 2147483647;
			files = (
				DB5B55FE19020F0C00D34DB9 /* InfoPlist.strings in Resources */,
				DB5B560619020F0C00D34DB9 /* Images.xcassets in Resources */,
			);
			runOnlyForDeploymentPostprocessing = 0;
		};
		DB5B560919020F0C00D34DB9 /* Resources */ = {
			isa = PBXResourcesBuildPhase;
			buildActionMask = 2147483647;
			files = (
				DB5B561719020F0C00D34DB9 /* InfoPlist.strings in Resources */,
			);
			runOnlyForDeploymentPostprocessing = 0;
		};
/* End PBXResourcesBuildPhase section */

/* Begin PBXSourcesBuildPhase section */
		DB5B55EC19020F0C00D34DB9 /* Sources */ = {
			isa = PBXSourcesBuildPhase;
			buildActionMask = 2147483647;
			files = (
				DB5B560419020F0C00D34DB9 /* RZAppDelegate.m in Sources */,
				DB5B560019020F0C00D34DB9 /* main.m in Sources */,
			);
			runOnlyForDeploymentPostprocessing = 0;
		};
		DB5B560719020F0C00D34DB9 /* Sources */ = {
			isa = PBXSourcesBuildPhase;
			buildActionMask = 2147483647;
			files = (
				DB5B561919020F0C00D34DB9 /* SnapChatRouletteTests.m in Sources */,
			);
			runOnlyForDeploymentPostprocessing = 0;
		};
/* End PBXSourcesBuildPhase section */

/* Begin PBXTargetDependency section */
		DB5B561119020F0C00D34DB9 /* PBXTargetDependency */ = {
			isa = PBXTargetDependency;
			target = DB5B55EF19020F0C00D34DB9 /* SnapChatRoulette */;
			targetProxy = DB5B561019020F0C00D34DB9 /* PBXContainerItemProxy */;
		};
/* End PBXTargetDependency section */

/* Begin PBXVariantGroup section */
		DB5B55FC19020F0C00D34DB9 /* InfoPlist.strings */ = {
			isa = PBXVariantGroup;
			children = (
				DB5B55FD19020F0C00D34DB9 /* en */,
			);
			name = InfoPlist.strings;
			sourceTree = "<group>";
		};
		DB5B561519020F0C00D34DB9 /* InfoPlist.strings */ = {
			isa = PBXVariantGroup;
			children = (
				DB5B561619020F0C00D34DB9 /* en */,
			);
			name = InfoPlist.strings;
			sourceTree = "<group>";
		};
/* End PBXVariantGroup section */

/* Begin XCBuildConfiguration section */
		DB5B561A19020F0C00D34DB9 /* Debug */ = {
			isa = XCBuildConfiguration;
			buildSettings = {
				ALWAYS_SEARCH_USER_PATHS = NO;
				CLANG_CXX_LANGUAGE_STANDARD = "gnu++0x";
				CLANG_CXX_LIBRARY = "libc++";
				CLANG_ENABLE_MODULES = YES;
				CLANG_ENABLE_OBJC_ARC = YES;
				CLANG_WARN_BOOL_CONVERSION = YES;
				CLANG_WARN_CONSTANT_CONVERSION = YES;
				CLANG_WARN_DIRECT_OBJC_ISA_USAGE = YES_ERROR;
				CLANG_WARN_EMPTY_BODY = YES;
				CLANG_WARN_ENUM_CONVERSION = YES;
				CLANG_WARN_INT_CONVERSION = YES;
				CLANG_WARN_OBJC_ROOT_CLASS = YES_ERROR;
				CLANG_WARN__DUPLICATE_METHOD_MATCH = YES;
				"CODE_SIGN_IDENTITY[sdk=iphoneos*]" = "iPhone Developer";
				COPY_PHASE_STRIP = NO;
				GCC_C_LANGUAGE_STANDARD = gnu99;
				GCC_DYNAMIC_NO_PIC = NO;
				GCC_OPTIMIZATION_LEVEL = 0;
				GCC_PREPROCESSOR_DEFINITIONS = (
					"DEBUG=1",
					"$(inherited)",
				);
				GCC_SYMBOLS_PRIVATE_EXTERN = NO;
				GCC_WARN_64_TO_32_BIT_CONVERSION = YES;
				GCC_WARN_ABOUT_RETURN_TYPE = YES_ERROR;
				GCC_WARN_UNDECLARED_SELECTOR = YES;
				GCC_WARN_UNINITIALIZED_AUTOS = YES_AGGRESSIVE;
				GCC_WARN_UNUSED_FUNCTION = YES;
				GCC_WARN_UNUSED_VARIABLE = YES;
				IPHONEOS_DEPLOYMENT_TARGET = 7.1;
				ONLY_ACTIVE_ARCH = YES;
				SDKROOT = iphoneos;
			};
			name = Debug;
		};
		DB5B561B19020F0C00D34DB9 /* Release */ = {
			isa = XCBuildConfiguration;
			buildSettings = {
				ALWAYS_SEARCH_USER_PATHS = NO;
				CLANG_CXX_LANGUAGE_STANDARD = "gnu++0x";
				CLANG_CXX_LIBRARY = "libc++";
				CLANG_ENABLE_MODULES = YES;
				CLANG_ENABLE_OBJC_ARC = YES;
				CLANG_WARN_BOOL_CONVERSION = YES;
				CLANG_WARN_CONSTANT_CONVERSION = YES;
				CLANG_WARN_DIRECT_OBJC_ISA_USAGE = YES_ERROR;
				CLANG_WARN_EMPTY_BODY = YES;
				CLANG_WARN_ENUM_CONVERSION = YES;
				CLANG_WARN_INT_CONVERSION = YES;
				CLANG_WARN_OBJC_ROOT_CLASS = YES_ERROR;
				CLANG_WARN__DUPLICATE_METHOD_MATCH = YES;
				"CODE_SIGN_IDENTITY[sdk=iphoneos*]" = "iPhone Developer";
				COPY_PHASE_STRIP = YES;
				ENABLE_NS_ASSERTIONS = NO;
				GCC_C_LANGUAGE_STANDARD = gnu99;
				GCC_WARN_64_TO_32_BIT_CONVERSION = YES;
				GCC_WARN_ABOUT_RETURN_TYPE = YES_ERROR;
				GCC_WARN_UNDECLARED_SELECTOR = YES;
				GCC_WARN_UNINITIALIZED_AUTOS = YES_AGGRESSIVE;
				GCC_WARN_UNUSED_FUNCTION = YES;
				GCC_WARN_UNUSED_VARIABLE = YES;
				IPHONEOS_DEPLOYMENT_TARGET = 7.1;
				SDKROOT = iphoneos;
				VALIDATE_PRODUCT = YES;
			};
			name = Release;
		};
		DB5B561D19020F0C00D34DB9 /* Debug */ = {
			isa = XCBuildConfiguration;
			buildSettings = {
				ASSETCATALOG_COMPILER_APPICON_NAME = AppIcon;
				ASSETCATALOG_COMPILER_LAUNCHIMAGE_NAME = LaunchImage;
				GCC_PRECOMPILE_PREFIX_HEADER = YES;
				GCC_PREFIX_HEADER = "SnapChatRoulette/SnapChatRoulette-Prefix.pch";
				INFOPLIST_FILE = "SnapChatRoulette/SnapChatRoulette-Info.plist";
				PRODUCT_NAME = "$(TARGET_NAME)";
				WRAPPER_EXTENSION = app;
			};
			name = Debug;
		};
		DB5B561E19020F0C00D34DB9 /* Release */ = {
			isa = XCBuildConfiguration;
			buildSettings = {
				ASSETCATALOG_COMPILER_APPICON_NAME = AppIcon;
				ASSETCATALOG_COMPILER_LAUNCHIMAGE_NAME = LaunchImage;
				GCC_PRECOMPILE_PREFIX_HEADER = YES;
				GCC_PREFIX_HEADER = "SnapChatRoulette/SnapChatRoulette-Prefix.pch";
				INFOPLIST_FILE = "SnapChatRoulette/SnapChatRoulette-Info.plist";
				PRODUCT_NAME = "$(TARGET_NAME)";
				WRAPPER_EXTENSION = app;
			};
			name = Release;
		};
		DB5B562019020F0C00D34DB9 /* Debug */ = {
			isa = XCBuildConfiguration;
			buildSettings = {
				BUNDLE_LOADER = "$(BUILT_PRODUCTS_DIR)/SnapChatRoulette.app/SnapChatRoulette";
				FRAMEWORK_SEARCH_PATHS = (
					"$(SDKROOT)/Developer/Library/Frameworks",
					"$(inherited)",
					"$(DEVELOPER_FRAMEWORKS_DIR)",
				);
				GCC_PRECOMPILE_PREFIX_HEADER = YES;
				GCC_PREFIX_HEADER = "SnapChatRoulette/SnapChatRoulette-Prefix.pch";
				GCC_PREPROCESSOR_DEFINITIONS = (
					"DEBUG=1",
					"$(inherited)",
				);
				INFOPLIST_FILE = "SnapChatRouletteTests/SnapChatRouletteTests-Info.plist";
				PRODUCT_NAME = "$(TARGET_NAME)";
				TEST_HOST = "$(BUNDLE_LOADER)";
				WRAPPER_EXTENSION = xctest;
			};
			name = Debug;
		};
		DB5B562119020F0C00D34DB9 /* Release */ = {
			isa = XCBuildConfiguration;
			buildSettings = {
				BUNDLE_LOADER = "$(BUILT_PRODUCTS_DIR)/SnapChatRoulette.app/SnapChatRoulette";
				FRAMEWORK_SEARCH_PATHS = (
					"$(SDKROOT)/Developer/Library/Frameworks",
					"$(inherited)",
					"$(DEVELOPER_FRAMEWORKS_DIR)",
				);
				GCC_PRECOMPILE_PREFIX_HEADER = YES;
				GCC_PREFIX_HEADER = "SnapChatRoulette/SnapChatRoulette-Prefix.pch";
				INFOPLIST_FILE = "SnapChatRouletteTests/SnapChatRouletteTests-Info.plist";
				PRODUCT_NAME = "$(TARGET_NAME)";
				TEST_HOST = "$(BUNDLE_LOADER)";
				WRAPPER_EXTENSION = xctest;
			};
			name = Release;
		};
/* End XCBuildConfiguration section */

/* Begin XCConfigurationList section */
		DB5B55EB19020F0C00D34DB9 /* Build configuration list for PBXProject "SnapChatRoulette" */ = {
			isa = XCConfigurationList;
			buildConfigurations = (
				DB5B561A19020F0C00D34DB9 /* Debug */,
				DB5B561B19020F0C00D34DB9 /* Release */,
			);
			defaultConfigurationIsVisible = 0;
			defaultConfigurationName = Release;
		};
		DB5B561C19020F0C00D34DB9 /* Build configuration list for PBXNativeTarget "SnapChatRoulette" */ = {
			isa = XCConfigurationList;
			buildConfigurations = (
				DB5B561D19020F0C00D34DB9 /* Debug */,
				DB5B561E19020F0C00D34DB9 /* Release */,
			);
			defaultConfigurationIsVisible = 0;
		};
		DB5B561F19020F0C00D34DB9 /* Build configuration list for PBXNativeTarget "SnapChatRouletteTests" */ = {
			isa = XCConfigurationList;
			buildConfigurations = (
				DB5B562019020F0C00D34DB9 /* Debug */,
				DB5B562119020F0C00D34DB9 /* Release */,
			);
			defaultConfigurationIsVisible = 0;
		};
/* End XCConfigurationList section */
	};
	rootObject = DB5B55E819020F0C00D34DB9 /* Project object */;
}
